
Microsoft Visual Studio Solution File, Format Version 12.00
# Visual Studio Version 16
VisualStudioVersion = 16.0.33529.622
MinimumVisualStudioVersion = 10.0.40219.1
Project("{FAE04EC0-301F-11D3-BF4B-00C04F79EFBC}") = "Lab8Ex", "Lab8Ex\Lab8Ex.csproj", "{80B3B18C-6343-443A-8778-855D0A98292E}"
EndProject
Global
	GlobalSection(SolutionConfigurationPlatforms) = preSolution
		Debug|Any CPU = Debug|Any CPU
		Release|Any CPU = Release|Any CPU
	EndGlobalSection
	GlobalSection(ProjectConfigurationPlatforms) = postSolution
		{80B3B18C-6343-443A-8778-855D0A98292E}.Debug|Any CPU.ActiveCfg = Debug|Any CPU
		{80B3B18C-6343-443A-8778-855D0A98292E}.Debug|Any CPU.Build.0 = Debug|Any CPU
		{80B3B18C-6343-443A-8778-855D0A98292E}.Release|Any CPU.ActiveCfg = Release|Any CPU
		{80B3B18C-6343-443A-8778-855D0A98292E}.Release|Any CPU.Build.0 = Release|Any CPU
	EndGlobalSection
	GlobalSection(SolutionProperties) = preSolution
		HideSolutionNode = FALSE
	EndGlobalSection
	GlobalSection(ExtensibilityGlobals) = postSolution
		SolutionGuid = {8EED1CE6-DF7D-4CB4-8BE3-A60B376D4D27}
	EndGlobalSection
EndGlobal
